
Microsoft Visual Studio Solution File, Format Version 12.00
# Visual Studio Version 16
VisualStudioVersion = 16.0.32407.337
MinimumVisualStudioVersion = 10.0.40219.1
Project("{FAE04EC0-301F-11D3-BF4B-00C04F79EFBC}") = "FrontToBack", "FrontToBack.csproj", "{CC4ED5C2-D797-4A92-A7C5-5E333728FF9A}"
EndProject
Global
	GlobalSection(SolutionConfigurationPlatforms) = preSolution
		Debug|Any CPU = Debug|Any CPU
		Release|Any CPU = Release|Any CPU
	EndGlobalSection
	GlobalSection(ProjectConfigurationPlatforms) = postSolution
		{CC4ED5C2-D797-4A92-A7C5-5E333728FF9A}.Debug|Any CPU.ActiveCfg = Debug|Any CPU
		{CC4ED5C2-D797-4A92-A7C5-5E333728FF9A}.Debug|Any CPU.Build.0 = Debug|Any CPU
		{CC4ED5C2-D797-4A92-A7C5-5E333728FF9A}.Release|Any CPU.ActiveCfg = Release|Any CPU
		{CC4ED5C2-D797-4A92-A7C5-5E333728FF9A}.Release|Any CPU.Build.0 = Release|Any CPU
	EndGlobalSection
	GlobalSection(SolutionProperties) = preSolution
		HideSolutionNode = FALSE
	EndGlobalSection
	GlobalSection(ExtensibilityGlobals) = postSolution
		SolutionGuid = {B219700F-EA3B-4218-9B4C-E866CC9F5C9F}
	EndGlobalSection
EndGlobal
